// !$*UTF8*$!
{
	archiveVersion = 1;
	classes = {
	};
	objectVersion = 50;
	objects = {

/* Begin PBXBuildFile section */
		0D74BA0B41908EE5EBB8C133 /* Pods_RCA.framework in Frameworks */ = {isa = PBXBuildFile; fileRef = 5F2BE4920EE86F7CE04FFC2E /* Pods_RCA.framework */; };
		11F3E4B6FC741CDD8AB70660 /* Pods_RCAUITests.framework in Frameworks */ = {isa = PBXBuildFile; fileRef = B959D26927643CAB23E4E77C /* Pods_RCAUITests.framework */; };
		9A9389347D64B8DBE9EAE8EE /* Pods_RCATests.framework in Frameworks */ = {isa = PBXBuildFile; fileRef = 9DF7C2FA01E22A1B86D38911 /* Pods_RCATests.framework */; };
		9B0F89A8211F57F5002594B2 /* ManualVC.swift in Sources */ = {isa = PBXBuildFile; fileRef = 9B0F89A7211F57F5002594B2 /* ManualVC.swift */; };
		9B1097DE2122A82100DF9F3F /* SpeechController.swift in Sources */ = {isa = PBXBuildFile; fileRef = 9B1097DD2122A82100DF9F3F /* SpeechController.swift */; };
		9B11E8F72135023400F201E8 /* ErrorCell.xib in Resources */ = {isa = PBXBuildFile; fileRef = 9B11E8F62135023400F201E8 /* ErrorCell.xib */; };
		9B11E8F92135031400F201E8 /* error.jpg in Resources */ = {isa = PBXBuildFile; fileRef = 9B11E8F82135031400F201E8 /* error.jpg */; };
		9B11E8FB2135038500F201E8 /* ErrorCell.swift in Sources */ = {isa = PBXBuildFile; fileRef = 9B11E8FA2135038500F201E8 /* ErrorCell.swift */; };
		9B11E8FE2135203000F201E8 /* ErrorVC.swift in Sources */ = {isa = PBXBuildFile; fileRef = 9B11E8FD2135203000F201E8 /* ErrorVC.swift */; };
		9B1210E32125504B00D7AEF9 /* TypedFormVC.swift in Sources */ = {isa = PBXBuildFile; fileRef = 9B1210E22125504B00D7AEF9 /* TypedFormVC.swift */; };
		9B1210E5212551DF00D7AEF9 /* PageViewController.swift in Sources */ = {isa = PBXBuildFile; fileRef = 9B1210E4212551DF00D7AEF9 /* PageViewController.swift */; };
		9B1210E72125559900D7AEF9 /* PageViewContentVC.swift in Sources */ = {isa = PBXBuildFile; fileRef = 9B1210E62125559900D7AEF9 /* PageViewContentVC.swift */; };
		9B1210E9212556FC00D7AEF9 /* SliderView.swift in Sources */ = {isa = PBXBuildFile; fileRef = 9B1210E8212556FC00D7AEF9 /* SliderView.swift */; };
		9B1210EB212577E300D7AEF9 /* QuestionData.swift in Sources */ = {isa = PBXBuildFile; fileRef = 9B1210EA212577E300D7AEF9 /* QuestionData.swift */; };
		9B124FE32134035E0046CFCF /* Enums.swift in Sources */ = {isa = PBXBuildFile; fileRef = 9B124FE22134035E0046CFCF /* Enums.swift */; };
		9B8C5FF8212A9582005A456C /* ModalVC.swift in Sources */ = {isa = PBXBuildFile; fileRef = 9B8C5FF7212A9582005A456C /* ModalVC.swift */; };
		9B8C5FFA212A9A28005A456C /* ParagraphVC.swift in Sources */ = {isa = PBXBuildFile; fileRef = 9B8C5FF9212A9A28005A456C /* ParagraphVC.swift */; };
		9B8C5FFC212AABA0005A456C /* Wallpaper@2x.png in Resources */ = {isa = PBXBuildFile; fileRef = 9B8C5FFB212AAB9F005A456C /* Wallpaper@2x.png */; };
		9B8C5FFE212ABC6C005A456C /* CustomTextField.xib in Resources */ = {isa = PBXBuildFile; fileRef = 9B8C5FFD212ABC6C005A456C /* CustomTextField.xib */; };
		9B8C6000212ABD90005A456C /* CustomTextField.swift in Sources */ = {isa = PBXBuildFile; fileRef = 9B8C5FFF212ABD90005A456C /* CustomTextField.swift */; };
		9BF1C0AD21369DF9004DBC86 /* BaseManagedObject.swift in Sources */ = {isa = PBXBuildFile; fileRef = 9BF1C0AC21369DF9004DBC86 /* BaseManagedObject.swift */; };
		9BFB58F4212EB18100395AA1 /* NewVoiceVC.swift in Sources */ = {isa = PBXBuildFile; fileRef = 9BFB58F3212EB18100395AA1 /* NewVoiceVC.swift */; };
		D90B30AA210EFD3A00C8F3A4 /* BaseCoreService.swift in Sources */ = {isa = PBXBuildFile; fileRef = D90B30A9210EFD3A00C8F3A4 /* BaseCoreService.swift */; };
		D90B30AD210F230200C8F3A4 /* PassportType+CoreDataClass.swift in Sources */ = {isa = PBXBuildFile; fileRef = D90B30AB210F230200C8F3A4 /* PassportType+CoreDataClass.swift */; };
		D90B30AE210F230200C8F3A4 /* PassportType+CoreDataProperties.swift in Sources */ = {isa = PBXBuildFile; fileRef = D90B30AC210F230200C8F3A4 /* PassportType+CoreDataProperties.swift */; };
		D94C67B721197CEA00D49A29 /* ThankYouVC.swift in Sources */ = {isa = PBXBuildFile; fileRef = D94C67B621197CEA00D49A29 /* ThankYouVC.swift */; };
		D94C67B92119820D00D49A29 /* ConfirmDataCell.xib in Resources */ = {isa = PBXBuildFile; fileRef = D94C67B82119820D00D49A29 /* ConfirmDataCell.xib */; };
		D94C67BB21198CE300D49A29 /* ConfirmDataCell.swift in Sources */ = {isa = PBXBuildFile; fileRef = D94C67BA21198CE300D49A29 /* ConfirmDataCell.swift */; };
		D9566A6A211C53DF009EF5E4 /* Validate.swift in Sources */ = {isa = PBXBuildFile; fileRef = D9566A69211C53DF009EF5E4 /* Validate.swift */; };
		D9566A6C211C625C009EF5E4 /* speech.gif in Resources */ = {isa = PBXBuildFile; fileRef = D9566A6B211C625C009EF5E4 /* speech.gif */; };
		D956C9312111928D0083CE9E /* SlideMenuController.swift in Sources */ = {isa = PBXBuildFile; fileRef = D956C92E2111928D0083CE9E /* SlideMenuController.swift */; };
		D956C9322111928D0083CE9E /* UIApplication.swift in Sources */ = {isa = PBXBuildFile; fileRef = D956C92F2111928D0083CE9E /* UIApplication.swift */; };
		D956C9332111928D0083CE9E /* ExSlideMenuController.swift in Sources */ = {isa = PBXBuildFile; fileRef = D956C9302111928D0083CE9E /* ExSlideMenuController.swift */; };
		D956C9392111962F0083CE9E /* UIViewController.swift in Sources */ = {isa = PBXBuildFile; fileRef = D956C9372111962F0083CE9E /* UIViewController.swift */; };
		D956C93A2111962F0083CE9E /* UIColor.swift in Sources */ = {isa = PBXBuildFile; fileRef = D956C9382111962F0083CE9E /* UIColor.swift */; };
		D956C93C21119AA20083CE9E /* LeftMenuVC.swift in Sources */ = {isa = PBXBuildFile; fileRef = D956C93B21119AA20083CE9E /* LeftMenuVC.swift */; };
		D956C94021119C750083CE9E /* ImageHeaderView.xib in Resources */ = {isa = PBXBuildFile; fileRef = D956C93E21119C750083CE9E /* ImageHeaderView.xib */; };
		D956C94121119C750083CE9E /* ImageHeaderView.swift in Sources */ = {isa = PBXBuildFile; fileRef = D956C93F21119C750083CE9E /* ImageHeaderView.swift */; };
		D956C94521119D6A0083CE9E /* PrivacyPolicyVC.swift in Sources */ = {isa = PBXBuildFile; fileRef = D956C94421119D6A0083CE9E /* PrivacyPolicyVC.swift */; };
		D956C94721119D830083CE9E /* AboutUsVC.swift in Sources */ = {isa = PBXBuildFile; fileRef = D956C94621119D830083CE9E /* AboutUsVC.swift */; };
		D956C94921119FA70083CE9E /* UIImageView.swift in Sources */ = {isa = PBXBuildFile; fileRef = D956C94821119FA70083CE9E /* UIImageView.swift */; };
		D956C94B2111A0140083CE9E /* UIView.swift in Sources */ = {isa = PBXBuildFile; fileRef = D956C94A2111A0140083CE9E /* UIView.swift */; };
		D956C94D2111A0D30083CE9E /* String.swift in Sources */ = {isa = PBXBuildFile; fileRef = D956C94C2111A0D30083CE9E /* String.swift */; };
		D956C94F2111A3340083CE9E /* UIImage.swift in Sources */ = {isa = PBXBuildFile; fileRef = D956C94E2111A3340083CE9E /* UIImage.swift */; };
		D956C9512111B5FC0083CE9E /* UITableViewExtension.swift in Sources */ = {isa = PBXBuildFile; fileRef = D956C9502111B5FC0083CE9E /* UITableViewExtension.swift */; };
		D956C9532111B60F0083CE9E /* BaseTableViewCell.swift in Sources */ = {isa = PBXBuildFile; fileRef = D956C9522111B60F0083CE9E /* BaseTableViewCell.swift */; };
		D956C95B2111D5170083CE9E /* Country+CoreDataClass.swift in Sources */ = {isa = PBXBuildFile; fileRef = D956C9592111D5170083CE9E /* Country+CoreDataClass.swift */; };
		D956C95C2111D5170083CE9E /* Country+CoreDataProperties.swift in Sources */ = {isa = PBXBuildFile; fileRef = D956C95A2111D5170083CE9E /* Country+CoreDataProperties.swift */; };
		D956C9632111ED060083CE9E /* RCA.xcdatamodeld in Sources */ = {isa = PBXBuildFile; fileRef = D956C9612111ED060083CE9E /* RCA.xcdatamodeld */; };
		D95A1B2D2110337B0030741F /* DataManager.swift in Sources */ = {isa = PBXBuildFile; fileRef = D95A1B2C2110337B0030741F /* DataManager.swift */; };
		D962CDA92112EB6B00CF94CA /* HomeVC.swift in Sources */ = {isa = PBXBuildFile; fileRef = D962CDA82112EB6B00CF94CA /* HomeVC.swift */; };
		D962CDAB2112EDE800CF94CA /* HomeCell.xib in Resources */ = {isa = PBXBuildFile; fileRef = D962CDAA2112EDE800CF94CA /* HomeCell.xib */; };
		D962CDAD2112EE1300CF94CA /* HomeCell.swift in Sources */ = {isa = PBXBuildFile; fileRef = D962CDAC2112EE1300CF94CA /* HomeCell.swift */; };
		D962CDBA2113305C00CF94CA /* OpenSans-Bold.ttf in Resources */ = {isa = PBXBuildFile; fileRef = D962CDB62113230500CF94CA /* OpenSans-Bold.ttf */; };
		D962CDBB2113306000CF94CA /* OpenSans-BoldItalic.ttf in Resources */ = {isa = PBXBuildFile; fileRef = D962CDB92113230600CF94CA /* OpenSans-BoldItalic.ttf */; };
		D962CDBC2113306200CF94CA /* OpenSans-ExtraBold.ttf in Resources */ = {isa = PBXBuildFile; fileRef = D962CDB42113230500CF94CA /* OpenSans-ExtraBold.ttf */; };
		D962CDBD2113306600CF94CA /* OpenSans-ExtraBoldItalic.ttf in Resources */ = {isa = PBXBuildFile; fileRef = D962CDB52113230500CF94CA /* OpenSans-ExtraBoldItalic.ttf */; };
		D962CDBE2113306900CF94CA /* OpenSans-Italic.ttf in Resources */ = {isa = PBXBuildFile; fileRef = D962CDB22113230500CF94CA /* OpenSans-Italic.ttf */; };
		D962CDBF2113306C00CF94CA /* OpenSans-Light.ttf in Resources */ = {isa = PBXBuildFile; fileRef = D962CDB32113230500CF94CA /* OpenSans-Light.ttf */; };
		D962CDC02113306F00CF94CA /* OpenSans-LightItalic.ttf in Resources */ = {isa = PBXBuildFile; fileRef = D962CDB82113230600CF94CA /* OpenSans-LightItalic.ttf */; };
		D962CDC12113307100CF94CA /* OpenSans-Regular.ttf in Resources */ = {isa = PBXBuildFile; fileRef = D962CDB02113230400CF94CA /* OpenSans-Regular.ttf */; };
		D962CDC22113307400CF94CA /* OpenSans-SemiBold.ttf in Resources */ = {isa = PBXBuildFile; fileRef = D962CDB72113230500CF94CA /* OpenSans-SemiBold.ttf */; };
		D962CDC32113307600CF94CA /* OpenSans-SemiBoldItalic.ttf in Resources */ = {isa = PBXBuildFile; fileRef = D962CDB12113230500CF94CA /* OpenSans-SemiBoldItalic.ttf */; };
		D962CDC62113319800CF94CA /* E-visa.storyboard in Resources */ = {isa = PBXBuildFile; fileRef = D962CDC52113319800CF94CA /* E-visa.storyboard */; };
		D962CDCB211335D700CF94CA /* E_VisaVC.swift in Sources */ = {isa = PBXBuildFile; fileRef = D962CDCA211335D700CF94CA /* E_VisaVC.swift */; };
		D963CF97211ABE850051F8A4 /* AttributedString.swift in Sources */ = {isa = PBXBuildFile; fileRef = D963CF96211ABE850051F8A4 /* AttributedString.swift */; };
		D963CF99211ACBA80051F8A4 /* Constant.swift in Sources */ = {isa = PBXBuildFile; fileRef = D963CF98211ACBA80051F8A4 /* Constant.swift */; };
		D964AA672118399B00C32E14 /* PaddedLabel.swift in Sources */ = {isa = PBXBuildFile; fileRef = D964AA662118399B00C32E14 /* PaddedLabel.swift */; };
		D964AA69211880E000C32E14 /* ConfirmationVC.swift in Sources */ = {isa = PBXBuildFile; fileRef = D964AA68211880DF00C32E14 /* ConfirmationVC.swift */; };
		D96A99612108B27900908488 /* AppDelegate.swift in Sources */ = {isa = PBXBuildFile; fileRef = D96A99602108B27900908488 /* AppDelegate.swift */; };
		D96A99632108B27900908488 /* ViewController.swift in Sources */ = {isa = PBXBuildFile; fileRef = D96A99622108B27900908488 /* ViewController.swift */; };
		D96A99662108B27900908488 /* Main.storyboard in Resources */ = {isa = PBXBuildFile; fileRef = D96A99642108B27900908488 /* Main.storyboard */; };
		D96A996B2108B27E00908488 /* Assets.xcassets in Resources */ = {isa = PBXBuildFile; fileRef = D96A996A2108B27E00908488 /* Assets.xcassets */; };
		D96A996E2108B27E00908488 /* LaunchScreen.storyboard in Resources */ = {isa = PBXBuildFile; fileRef = D96A996C2108B27E00908488 /* LaunchScreen.storyboard */; };
		D96A99792108B27E00908488 /* RCATests.swift in Sources */ = {isa = PBXBuildFile; fileRef = D96A99782108B27E00908488 /* RCATests.swift */; };
		D96A99842108B27E00908488 /* RCAUITests.swift in Sources */ = {isa = PBXBuildFile; fileRef = D96A99832108B27E00908488 /* RCAUITests.swift */; };
		D96A99922108B4D600908488 /* GoogleService-Info.plist in Resources */ = {isa = PBXBuildFile; fileRef = D96A99912108B4D600908488 /* GoogleService-Info.plist */; };
		D9768F2E210AFE7400F8FACB /* FormVC.swift in Sources */ = {isa = PBXBuildFile; fileRef = D9768F2D210AFE7400F8FACB /* FormVC.swift */; };
		D986A7112114320F00D7E1D7 /* RoundButton.swift in Sources */ = {isa = PBXBuildFile; fileRef = D986A7102114320F00D7E1D7 /* RoundButton.swift */; };
		D986A71321145D5700D7E1D7 /* E_VisaDetailVC.swift in Sources */ = {isa = PBXBuildFile; fileRef = D986A71221145D5700D7E1D7 /* E_VisaDetailVC.swift */; };
		D986A71521145DA200D7E1D7 /* BottomCell.xib in Resources */ = {isa = PBXBuildFile; fileRef = D986A71421145DA200D7E1D7 /* BottomCell.xib */; };
		D986A71721145DC500D7E1D7 /* BottomCell.swift in Sources */ = {isa = PBXBuildFile; fileRef = D986A71621145DC500D7E1D7 /* BottomCell.swift */; };
		D986A719211468D600D7E1D7 /* VoiceVC.swift in Sources */ = {isa = PBXBuildFile; fileRef = D986A718211468D600D7E1D7 /* VoiceVC.swift */; };
		D986A71B2114698B00D7E1D7 /* ChatCell.xib in Resources */ = {isa = PBXBuildFile; fileRef = D986A71A2114698B00D7E1D7 /* ChatCell.xib */; };
		D986A71D211469AC00D7E1D7 /* ChatCell.swift in Sources */ = {isa = PBXBuildFile; fileRef = D986A71C211469AC00D7E1D7 /* ChatCell.swift */; };
		D989ED7A21099B87005975C3 /* NetworkManager.swift in Sources */ = {isa = PBXBuildFile; fileRef = D989ED7921099B87005975C3 /* NetworkManager.swift */; };
		D989ED7D2109BD7F005975C3 /* BaseVC.swift in Sources */ = {isa = PBXBuildFile; fileRef = D989ED7C2109BD7F005975C3 /* BaseVC.swift */; };
		D989ED7F2109D46C005975C3 /* BaseView.swift in Sources */ = {isa = PBXBuildFile; fileRef = D989ED7E2109D46C005975C3 /* BaseView.swift */; };
		D989ED822109E02F005975C3 /* HomeView.swift in Sources */ = {isa = PBXBuildFile; fileRef = D989ED812109E02F005975C3 /* HomeView.swift */; };
		D989ED842109E0FF005975C3 /* HomePresenter.swift in Sources */ = {isa = PBXBuildFile; fileRef = D989ED832109E0FF005975C3 /* HomePresenter.swift */; };
		D989ED862109E300005975C3 /* BasePresenter.swift in Sources */ = {isa = PBXBuildFile; fileRef = D989ED852109E300005975C3 /* BasePresenter.swift */; };
		D9DB0219211C93B4003F25F3 /* Reachability.swift in Sources */ = {isa = PBXBuildFile; fileRef = D9DB0218211C93B3003F25F3 /* Reachability.swift */; };
/* End PBXBuildFile section */

/* Begin PBXContainerItemProxy section */
		D96A99752108B27E00908488 /* PBXContainerItemProxy */ = {
			isa = PBXContainerItemProxy;
			containerPortal = D96A99552108B27900908488 /* Project object */;
			proxyType = 1;
			remoteGlobalIDString = D96A995C2108B27900908488;
			remoteInfo = RCA;
		};
		D96A99802108B27E00908488 /* PBXContainerItemProxy */ = {
			isa = PBXContainerItemProxy;
			containerPortal = D96A99552108B27900908488 /* Project object */;
			proxyType = 1;
			remoteGlobalIDString = D96A995C2108B27900908488;
			remoteInfo = RCA;
		};
/* End PBXContainerItemProxy section */

/* Begin PBXFileReference section */
		4822DE09BA20BC35D6AAD19B /* Pods-RCATests.release.xcconfig */ = {isa = PBXFileReference; includeInIndex = 1; lastKnownFileType = text.xcconfig; name = "Pods-RCATests.release.xcconfig"; path = "Pods/Target Support Files/Pods-RCATests/Pods-RCATests.release.xcconfig"; sourceTree = "<group>"; };
		5F2BE4920EE86F7CE04FFC2E /* Pods_RCA.framework */ = {isa = PBXFileReference; explicitFileType = wrapper.framework; includeInIndex = 0; path = Pods_RCA.framework; sourceTree = BUILT_PRODUCTS_DIR; };
		901CE2F6B4054E5FA5006C4C /* Pods-RCAUITests.release.xcconfig */ = {isa = PBXFileReference; includeInIndex = 1; lastKnownFileType = text.xcconfig; name = "Pods-RCAUITests.release.xcconfig"; path = "Pods/Target Support Files/Pods-RCAUITests/Pods-RCAUITests.release.xcconfig"; sourceTree = "<group>"; };
		96A8E18A3D78996B8345182F /* Pods-RCA.release.xcconfig */ = {isa = PBXFileReference; includeInIndex = 1; lastKnownFileType = text.xcconfig; name = "Pods-RCA.release.xcconfig"; path = "Pods/Target Support Files/Pods-RCA/Pods-RCA.release.xcconfig"; sourceTree = "<group>"; };
		9B0F89A7211F57F5002594B2 /* ManualVC.swift */ = {isa = PBXFileReference; lastKnownFileType = sourcecode.swift; path = ManualVC.swift; sourceTree = "<group>"; };
		9B1097DD2122A82100DF9F3F /* SpeechController.swift */ = {isa = PBXFileReference; lastKnownFileType = sourcecode.swift; path = SpeechController.swift; sourceTree = "<group>"; };
		9B11E8F62135023400F201E8 /* ErrorCell.xib */ = {isa = PBXFileReference; lastKnownFileType = file.xib; path = ErrorCell.xib; sourceTree = "<group>"; };
		9B11E8F82135031400F201E8 /* error.jpg */ = {isa = PBXFileReference; lastKnownFileType = image.jpeg; path = error.jpg; sourceTree = "<group>"; };
		9B11E8FA2135038500F201E8 /* ErrorCell.swift */ = {isa = PBXFileReference; lastKnownFileType = sourcecode.swift; path = ErrorCell.swift; sourceTree = "<group>"; };
		9B11E8FD2135203000F201E8 /* ErrorVC.swift */ = {isa = PBXFileReference; lastKnownFileType = sourcecode.swift; path = ErrorVC.swift; sourceTree = "<group>"; };
		9B1210E22125504B00D7AEF9 /* TypedFormVC.swift */ = {isa = PBXFileReference; lastKnownFileType = sourcecode.swift; path = TypedFormVC.swift; sourceTree = "<group>"; };
		9B1210E4212551DF00D7AEF9 /* PageViewController.swift */ = {isa = PBXFileReference; lastKnownFileType = sourcecode.swift; path = PageViewController.swift; sourceTree = "<group>"; };
		9B1210E62125559900D7AEF9 /* PageViewContentVC.swift */ = {isa = PBXFileReference; lastKnownFileType = sourcecode.swift; path = PageViewContentVC.swift; sourceTree = "<group>"; };
		9B1210E8212556FC00D7AEF9 /* SliderView.swift */ = {isa = PBXFileReference; lastKnownFileType = sourcecode.swift; path = SliderView.swift; sourceTree = "<group>"; };
		9B1210EA212577E300D7AEF9 /* QuestionData.swift */ = {isa = PBXFileReference; lastKnownFileType = sourcecode.swift; path = QuestionData.swift; sourceTree = "<group>"; };
		9B124FE22134035E0046CFCF /* Enums.swift */ = {isa = PBXFileReference; lastKnownFileType = sourcecode.swift; path = Enums.swift; sourceTree = "<group>"; };
		9B45D11C45D5A89FD8B4E84E /* Pods-RCATests.debug.xcconfig */ = {isa = PBXFileReference; includeInIndex = 1; lastKnownFileType = text.xcconfig; name = "Pods-RCATests.debug.xcconfig"; path = "Pods/Target Support Files/Pods-RCATests/Pods-RCATests.debug.xcconfig"; sourceTree = "<group>"; };
		9B8C5FF7212A9582005A456C /* ModalVC.swift */ = {isa = PBXFileReference; lastKnownFileType = sourcecode.swift; path = ModalVC.swift; sourceTree = "<group>"; };
		9B8C5FF9212A9A28005A456C /* ParagraphVC.swift */ = {isa = PBXFileReference; lastKnownFileType = sourcecode.swift; path = ParagraphVC.swift; sourceTree = "<group>"; };
		9B8C5FFB212AAB9F005A456C /* Wallpaper@2x.png */ = {isa = PBXFileReference; lastKnownFileType = image.png; path = "Wallpaper@2x.png"; sourceTree = "<group>"; };
		9B8C5FFD212ABC6C005A456C /* CustomTextField.xib */ = {isa = PBXFileReference; lastKnownFileType = file.xib; path = CustomTextField.xib; sourceTree = "<group>"; };
		9B8C5FFF212ABD90005A456C /* CustomTextField.swift */ = {isa = PBXFileReference; lastKnownFileType = sourcecode.swift; path = CustomTextField.swift; sourceTree = "<group>"; };
		9BF1C0AC21369DF9004DBC86 /* BaseManagedObject.swift */ = {isa = PBXFileReference; lastKnownFileType = sourcecode.swift; path = BaseManagedObject.swift; sourceTree = "<group>"; };
		9BFB58F3212EB18100395AA1 /* NewVoiceVC.swift */ = {isa = PBXFileReference; lastKnownFileType = sourcecode.swift; path = NewVoiceVC.swift; sourceTree = "<group>"; };
		9DF7C2FA01E22A1B86D38911 /* Pods_RCATests.framework */ = {isa = PBXFileReference; explicitFileType = wrapper.framework; includeInIndex = 0; path = Pods_RCATests.framework; sourceTree = BUILT_PRODUCTS_DIR; };
		B959D26927643CAB23E4E77C /* Pods_RCAUITests.framework */ = {isa = PBXFileReference; explicitFileType = wrapper.framework; includeInIndex = 0; path = Pods_RCAUITests.framework; sourceTree = BUILT_PRODUCTS_DIR; };
		C51F31B5B7DE85B55B58964A /* Pods-RCA.debug.xcconfig */ = {isa = PBXFileReference; includeInIndex = 1; lastKnownFileType = text.xcconfig; name = "Pods-RCA.debug.xcconfig"; path = "Pods/Target Support Files/Pods-RCA/Pods-RCA.debug.xcconfig"; sourceTree = "<group>"; };
		D7AB8FDE2A809489F828DBBD /* Pods-RCAUITests.debug.xcconfig */ = {isa = PBXFileReference; includeInIndex = 1; lastKnownFileType = text.xcconfig; name = "Pods-RCAUITests.debug.xcconfig"; path = "Pods/Target Support Files/Pods-RCAUITests/Pods-RCAUITests.debug.xcconfig"; sourceTree = "<group>"; };
		D90B30A9210EFD3A00C8F3A4 /* BaseCoreService.swift */ = {isa = PBXFileReference; lastKnownFileType = sourcecode.swift; path = BaseCoreService.swift; sourceTree = "<group>"; };
		D90B30AB210F230200C8F3A4 /* PassportType+CoreDataClass.swift */ = {isa = PBXFileReference; lastKnownFileType = sourcecode.swift; path = "PassportType+CoreDataClass.swift"; sourceTree = "<group>"; };
		D90B30AC210F230200C8F3A4 /* PassportType+CoreDataProperties.swift */ = {isa = PBXFileReference; lastKnownFileType = sourcecode.swift; path = "PassportType+CoreDataProperties.swift"; sourceTree = "<group>"; };
		D94C67B621197CEA00D49A29 /* ThankYouVC.swift */ = {isa = PBXFileReference; lastKnownFileType = sourcecode.swift; path = ThankYouVC.swift; sourceTree = "<group>"; };
		D94C67B82119820D00D49A29 /* ConfirmDataCell.xib */ = {isa = PBXFileReference; lastKnownFileType = file.xib; path = ConfirmDataCell.xib; sourceTree = "<group>"; };
		D94C67BA21198CE300D49A29 /* ConfirmDataCell.swift */ = {isa = PBXFileReference; lastKnownFileType = sourcecode.swift; path = ConfirmDataCell.swift; sourceTree = "<group>"; };
		D9566A69211C53DF009EF5E4 /* Validate.swift */ = {isa = PBXFileReference; lastKnownFileType = sourcecode.swift; path = Validate.swift; sourceTree = "<group>"; };
		D9566A6B211C625C009EF5E4 /* speech.gif */ = {isa = PBXFileReference; lastKnownFileType = image.gif; path = speech.gif; sourceTree = "<group>"; };
		D956C92E2111928D0083CE9E /* SlideMenuController.swift */ = {isa = PBXFileReference; fileEncoding = 4; lastKnownFileType = sourcecode.swift; path = SlideMenuController.swift; sourceTree = "<group>"; };
		D956C92F2111928D0083CE9E /* UIApplication.swift */ = {isa = PBXFileReference; fileEncoding = 4; lastKnownFileType = sourcecode.swift; path = UIApplication.swift; sourceTree = "<group>"; };
		D956C9302111928D0083CE9E /* ExSlideMenuController.swift */ = {isa = PBXFileReference; fileEncoding = 4; lastKnownFileType = sourcecode.swift; path = ExSlideMenuController.swift; sourceTree = "<group>"; };
		D956C9372111962F0083CE9E /* UIViewController.swift */ = {isa = PBXFileReference; fileEncoding = 4; lastKnownFileType = sourcecode.swift; path = UIViewController.swift; sourceTree = "<group>"; };
		D956C9382111962F0083CE9E /* UIColor.swift */ = {isa = PBXFileReference; fileEncoding = 4; lastKnownFileType = sourcecode.swift; path = UIColor.swift; sourceTree = "<group>"; };
		D956C93B21119AA20083CE9E /* LeftMenuVC.swift */ = {isa = PBXFileReference; lastKnownFileType = sourcecode.swift; path = LeftMenuVC.swift; sourceTree = "<group>"; };
		D956C93E21119C750083CE9E /* ImageHeaderView.xib */ = {isa = PBXFileReference; fileEncoding = 4; lastKnownFileType = file.xib; path = ImageHeaderView.xib; sourceTree = "<group>"; };
		D956C93F21119C750083CE9E /* ImageHeaderView.swift */ = {isa = PBXFileReference; fileEncoding = 4; lastKnownFileType = sourcecode.swift; path = ImageHeaderView.swift; sourceTree = "<group>"; };
		D956C94421119D6A0083CE9E /* PrivacyPolicyVC.swift */ = {isa = PBXFileReference; lastKnownFileType = sourcecode.swift; path = PrivacyPolicyVC.swift; sourceTree = "<group>"; };
		D956C94621119D830083CE9E /* AboutUsVC.swift */ = {isa = PBXFileReference; lastKnownFileType = sourcecode.swift; path = AboutUsVC.swift; sourceTree = "<group>"; };
		D956C94821119FA70083CE9E /* UIImageView.swift */ = {isa = PBXFileReference; fileEncoding = 4; lastKnownFileType = sourcecode.swift; path = UIImageView.swift; sourceTree = "<group>"; };
		D956C94A2111A0140083CE9E /* UIView.swift */ = {isa = PBXFileReference; fileEncoding = 4; lastKnownFileType = sourcecode.swift; path = UIView.swift; sourceTree = "<group>"; };
		D956C94C2111A0D30083CE9E /* String.swift */ = {isa = PBXFileReference; fileEncoding = 4; lastKnownFileType = sourcecode.swift; path = String.swift; sourceTree = "<group>"; };
		D956C94E2111A3340083CE9E /* UIImage.swift */ = {isa = PBXFileReference; fileEncoding = 4; lastKnownFileType = sourcecode.swift; path = UIImage.swift; sourceTree = "<group>"; };
		D956C9502111B5FC0083CE9E /* UITableViewExtension.swift */ = {isa = PBXFileReference; fileEncoding = 4; lastKnownFileType = sourcecode.swift; path = UITableViewExtension.swift; sourceTree = "<group>"; };
		D956C9522111B60F0083CE9E /* BaseTableViewCell.swift */ = {isa = PBXFileReference; fileEncoding = 4; lastKnownFileType = sourcecode.swift; path = BaseTableViewCell.swift; sourceTree = "<group>"; };
		D956C9592111D5170083CE9E /* Country+CoreDataClass.swift */ = {isa = PBXFileReference; lastKnownFileType = sourcecode.swift; path = "Country+CoreDataClass.swift"; sourceTree = "<group>"; };
		D956C95A2111D5170083CE9E /* Country+CoreDataProperties.swift */ = {isa = PBXFileReference; lastKnownFileType = sourcecode.swift; path = "Country+CoreDataProperties.swift"; sourceTree = "<group>"; };
		D956C9622111ED060083CE9E /* RCA.xcdatamodel */ = {isa = PBXFileReference; lastKnownFileType = wrapper.xcdatamodel; path = RCA.xcdatamodel; sourceTree = "<group>"; };
		D95A1B2C2110337B0030741F /* DataManager.swift */ = {isa = PBXFileReference; lastKnownFileType = sourcecode.swift; path = DataManager.swift; sourceTree = "<group>"; };
		D962CDA82112EB6B00CF94CA /* HomeVC.swift */ = {isa = PBXFileReference; lastKnownFileType = sourcecode.swift; path = HomeVC.swift; sourceTree = "<group>"; };
		D962CDAA2112EDE800CF94CA /* HomeCell.xib */ = {isa = PBXFileReference; lastKnownFileType = file.xib; path = HomeCell.xib; sourceTree = "<group>"; };
		D962CDAC2112EE1300CF94CA /* HomeCell.swift */ = {isa = PBXFileReference; lastKnownFileType = sourcecode.swift; path = HomeCell.swift; sourceTree = "<group>"; };
		D962CDB02113230400CF94CA /* OpenSans-Regular.ttf */ = {isa = PBXFileReference; lastKnownFileType = file; path = "OpenSans-Regular.ttf"; sourceTree = "<group>"; };
		D962CDB12113230500CF94CA /* OpenSans-SemiBoldItalic.ttf */ = {isa = PBXFileReference; lastKnownFileType = file; path = "OpenSans-SemiBoldItalic.ttf"; sourceTree = "<group>"; };
		D962CDB22113230500CF94CA /* OpenSans-Italic.ttf */ = {isa = PBXFileReference; lastKnownFileType = file; path = "OpenSans-Italic.ttf"; sourceTree = "<group>"; };
		D962CDB32113230500CF94CA /* OpenSans-Light.ttf */ = {isa = PBXFileReference; lastKnownFileType = file; path = "OpenSans-Light.ttf"; sourceTree = "<group>"; };
		D962CDB42113230500CF94CA /* OpenSans-ExtraBold.ttf */ = {isa = PBXFileReference; lastKnownFileType = file; path = "OpenSans-ExtraBold.ttf"; sourceTree = "<group>"; };
		D962CDB52113230500CF94CA /* OpenSans-ExtraBoldItalic.ttf */ = {isa = PBXFileReference; lastKnownFileType = file; path = "OpenSans-ExtraBoldItalic.ttf"; sourceTree = "<group>"; };
		D962CDB62113230500CF94CA /* OpenSans-Bold.ttf */ = {isa = PBXFileReference; lastKnownFileType = file; path = "OpenSans-Bold.ttf"; sourceTree = "<group>"; };
		D962CDB72113230500CF94CA /* OpenSans-SemiBold.ttf */ = {isa = PBXFileReference; lastKnownFileType = file; path = "OpenSans-SemiBold.ttf"; sourceTree = "<group>"; };
		D962CDB82113230600CF94CA /* OpenSans-LightItalic.ttf */ = {isa = PBXFileReference; lastKnownFileType = file; path = "OpenSans-LightItalic.ttf"; sourceTree = "<group>"; };
		D962CDB92113230600CF94CA /* OpenSans-BoldItalic.ttf */ = {isa = PBXFileReference; lastKnownFileType = file; path = "OpenSans-BoldItalic.ttf"; sourceTree = "<group>"; };
		D962CDC52113319800CF94CA /* E-visa.storyboard */ = {isa = PBXFileReference; lastKnownFileType = file.storyboard; path = "E-visa.storyboard"; sourceTree = "<group>"; };
		D962CDCA211335D700CF94CA /* E_VisaVC.swift */ = {isa = PBXFileReference; lastKnownFileType = sourcecode.swift; path = E_VisaVC.swift; sourceTree = "<group>"; };
		D963CF96211ABE850051F8A4 /* AttributedString.swift */ = {isa = PBXFileReference; lastKnownFileType = sourcecode.swift; path = AttributedString.swift; sourceTree = "<group>"; };
		D963CF98211ACBA80051F8A4 /* Constant.swift */ = {isa = PBXFileReference; lastKnownFileType = sourcecode.swift; path = Constant.swift; sourceTree = "<group>"; };
		D964AA662118399B00C32E14 /* PaddedLabel.swift */ = {isa = PBXFileReference; lastKnownFileType = sourcecode.swift; path = PaddedLabel.swift; sourceTree = "<group>"; };
		D964AA68211880DF00C32E14 /* ConfirmationVC.swift */ = {isa = PBXFileReference; lastKnownFileType = sourcecode.swift; path = ConfirmationVC.swift; sourceTree = "<group>"; };
		D96A995D2108B27900908488 /* RCA.app */ = {isa = PBXFileReference; explicitFileType = wrapper.application; includeInIndex = 0; path = RCA.app; sourceTree = BUILT_PRODUCTS_DIR; };
		D96A99602108B27900908488 /* AppDelegate.swift */ = {isa = PBXFileReference; lastKnownFileType = sourcecode.swift; path = AppDelegate.swift; sourceTree = "<group>"; };
		D96A99622108B27900908488 /* ViewController.swift */ = {isa = PBXFileReference; lastKnownFileType = sourcecode.swift; path = ViewController.swift; sourceTree = "<group>"; };
		D96A99652108B27900908488 /* Base */ = {isa = PBXFileReference; lastKnownFileType = file.storyboard; name = Base; path = Base.lproj/Main.storyboard; sourceTree = "<group>"; };
		D96A996A2108B27E00908488 /* Assets.xcassets */ = {isa = PBXFileReference; lastKnownFileType = folder.assetcatalog; path = Assets.xcassets; sourceTree = "<group>"; };
		D96A996D2108B27E00908488 /* Base */ = {isa = PBXFileReference; lastKnownFileType = file.storyboard; name = Base; path = Base.lproj/LaunchScreen.storyboard; sourceTree = "<group>"; };
		D96A996F2108B27E00908488 /* Info.plist */ = {isa = PBXFileReference; lastKnownFileType = text.plist.xml; path = Info.plist; sourceTree = "<group>"; };
		D96A99742108B27E00908488 /* RCATests.xctest */ = {isa = PBXFileReference; explicitFileType = wrapper.cfbundle; includeInIndex = 0; path = RCATests.xctest; sourceTree = BUILT_PRODUCTS_DIR; };
		D96A99782108B27E00908488 /* RCATests.swift */ = {isa = PBXFileReference; lastKnownFileType = sourcecode.swift; path = RCATests.swift; sourceTree = "<group>"; };
		D96A997A2108B27E00908488 /* Info.plist */ = {isa = PBXFileReference; lastKnownFileType = text.plist.xml; path = Info.plist; sourceTree = "<group>"; };
		D96A997F2108B27E00908488 /* RCAUITests.xctest */ = {isa = PBXFileReference; explicitFileType = wrapper.cfbundle; includeInIndex = 0; path = RCAUITests.xctest; sourceTree = BUILT_PRODUCTS_DIR; };
		D96A99832108B27E00908488 /* RCAUITests.swift */ = {isa = PBXFileReference; lastKnownFileType = sourcecode.swift; path = RCAUITests.swift; sourceTree = "<group>"; };
		D96A99852108B27E00908488 /* Info.plist */ = {isa = PBXFileReference; lastKnownFileType = text.plist.xml; path = Info.plist; sourceTree = "<group>"; };
		D96A99912108B4D600908488 /* GoogleService-Info.plist */ = {isa = PBXFileReference; fileEncoding = 4; lastKnownFileType = text.plist.xml; path = "GoogleService-Info.plist"; sourceTree = "<group>"; };
		D96FDAEA211C91B0009719BB /* Reachability.framework */ = {isa = PBXFileReference; explicitFileType = wrapper.framework; path = Reachability.framework; sourceTree = BUILT_PRODUCTS_DIR; };
		D9768F2D210AFE7400F8FACB /* FormVC.swift */ = {isa = PBXFileReference; lastKnownFileType = sourcecode.swift; path = FormVC.swift; sourceTree = "<group>"; };
		D986A7102114320F00D7E1D7 /* RoundButton.swift */ = {isa = PBXFileReference; lastKnownFileType = sourcecode.swift; path = RoundButton.swift; sourceTree = "<group>"; };
		D986A71221145D5700D7E1D7 /* E_VisaDetailVC.swift */ = {isa = PBXFileReference; lastKnownFileType = sourcecode.swift; path = E_VisaDetailVC.swift; sourceTree = "<group>"; };
		D986A71421145DA200D7E1D7 /* BottomCell.xib */ = {isa = PBXFileReference; lastKnownFileType = file.xib; path = BottomCell.xib; sourceTree = "<group>"; };
		D986A71621145DC500D7E1D7 /* BottomCell.swift */ = {isa = PBXFileReference; lastKnownFileType = sourcecode.swift; path = BottomCell.swift; sourceTree = "<group>"; };
		D986A718211468D600D7E1D7 /* VoiceVC.swift */ = {isa = PBXFileReference; lastKnownFileType = sourcecode.swift; path = VoiceVC.swift; sourceTree = "<group>"; };
		D986A71A2114698B00D7E1D7 /* ChatCell.xib */ = {isa = PBXFileReference; lastKnownFileType = file.xib; path = ChatCell.xib; sourceTree = "<group>"; };
		D986A71C211469AC00D7E1D7 /* ChatCell.swift */ = {isa = PBXFileReference; lastKnownFileType = sourcecode.swift; path = ChatCell.swift; sourceTree = "<group>"; };
		D989ED7921099B87005975C3 /* NetworkManager.swift */ = {isa = PBXFileReference; lastKnownFileType = sourcecode.swift; path = NetworkManager.swift; sourceTree = "<group>"; };
		D989ED7C2109BD7F005975C3 /* BaseVC.swift */ = {isa = PBXFileReference; lastKnownFileType = sourcecode.swift; path = BaseVC.swift; sourceTree = "<group>"; };
		D989ED7E2109D46C005975C3 /* BaseView.swift */ = {isa = PBXFileReference; lastKnownFileType = sourcecode.swift; path = BaseView.swift; sourceTree = "<group>"; };
		D989ED812109E02F005975C3 /* HomeView.swift */ = {isa = PBXFileReference; lastKnownFileType = sourcecode.swift; path = HomeView.swift; sourceTree = "<group>"; };
		D989ED832109E0FF005975C3 /* HomePresenter.swift */ = {isa = PBXFileReference; lastKnownFileType = sourcecode.swift; path = HomePresenter.swift; sourceTree = "<group>"; };
		D989ED852109E300005975C3 /* BasePresenter.swift */ = {isa = PBXFileReference; lastKnownFileType = sourcecode.swift; path = BasePresenter.swift; sourceTree = "<group>"; };
		D9DB0218211C93B3003F25F3 /* Reachability.swift */ = {isa = PBXFileReference; fileEncoding = 4; lastKnownFileType = sourcecode.swift; path = Reachability.swift; sourceTree = "<group>"; };
/* End PBXFileReference section */

/* Begin PBXFrameworksBuildPhase section */
		D96A995A2108B27900908488 /* Frameworks */ = {
			isa = PBXFrameworksBuildPhase;
			buildActionMask = 2147483647;
			files = (
				0D74BA0B41908EE5EBB8C133 /* Pods_RCA.framework in Frameworks */,
			);
			runOnlyForDeploymentPostprocessing = 0;
		};
		D96A99712108B27E00908488 /* Frameworks */ = {
			isa = PBXFrameworksBuildPhase;
			buildActionMask = 2147483647;
			files = (
				9A9389347D64B8DBE9EAE8EE /* Pods_RCATests.framework in Frameworks */,
			);
			runOnlyForDeploymentPostprocessing = 0;
		};
		D96A997C2108B27E00908488 /* Frameworks */ = {
			isa = PBXFrameworksBuildPhase;
			buildActionMask = 2147483647;
			files = (
				11F3E4B6FC741CDD8AB70660 /* Pods_RCAUITests.framework in Frameworks */,
			);
			runOnlyForDeploymentPostprocessing = 0;
		};
/* End PBXFrameworksBuildPhase section */

/* Begin PBXGroup section */
		3C4AAE3242DC1018D9B24D80 /* Pods */ = {
			isa = PBXGroup;
			children = (
				C51F31B5B7DE85B55B58964A /* Pods-RCA.debug.xcconfig */,
				96A8E18A3D78996B8345182F /* Pods-RCA.release.xcconfig */,
				9B45D11C45D5A89FD8B4E84E /* Pods-RCATests.debug.xcconfig */,
				4822DE09BA20BC35D6AAD19B /* Pods-RCATests.release.xcconfig */,
				D7AB8FDE2A809489F828DBBD /* Pods-RCAUITests.debug.xcconfig */,
				901CE2F6B4054E5FA5006C4C /* Pods-RCAUITests.release.xcconfig */,
			);
			name = Pods;
			sourceTree = "<group>";
		};
		80A50C49AEE67DF84CA51BD1 /* Frameworks */ = {
			isa = PBXGroup;
			children = (
				D96FDAEA211C91B0009719BB /* Reachability.framework */,
				5F2BE4920EE86F7CE04FFC2E /* Pods_RCA.framework */,
				9DF7C2FA01E22A1B86D38911 /* Pods_RCATests.framework */,
				B959D26927643CAB23E4E77C /* Pods_RCAUITests.framework */,
			);
			name = Frameworks;
			sourceTree = "<group>";
		};
		9B11E8FC2135201400F201E8 /* Error */ = {
			isa = PBXGroup;
			children = (
				9B11E8F82135031400F201E8 /* error.jpg */,
				9B11E8F62135023400F201E8 /* ErrorCell.xib */,
				9B11E8FA2135038500F201E8 /* ErrorCell.swift */,
				9B11E8FD2135203000F201E8 /* ErrorVC.swift */,
			);
			path = Error;
			sourceTree = "<group>";
		};
		9B124FE1213403450046CFCF /* Support */ = {
			isa = PBXGroup;
			children = (
				9B124FE22134035E0046CFCF /* Enums.swift */,
			);
			path = Support;
			sourceTree = "<group>";
		};
		D90B3092210EF13F00C8F3A4 /* CoreData */ = {
			isa = PBXGroup;
			children = (
				D956C9592111D5170083CE9E /* Country+CoreDataClass.swift */,
				D956C95A2111D5170083CE9E /* Country+CoreDataProperties.swift */,
				D90B30AB210F230200C8F3A4 /* PassportType+CoreDataClass.swift */,
				D90B30AC210F230200C8F3A4 /* PassportType+CoreDataProperties.swift */,
				D90B30A9210EFD3A00C8F3A4 /* BaseCoreService.swift */,
				9BF1C0AC21369DF9004DBC86 /* BaseManagedObject.swift */,
			);
			path = CoreData;
			sourceTree = "<group>";
		};
		D956C92D2111926F0083CE9E /* SideMenu */ = {
			isa = PBXGroup;
			children = (
				D956C93D21119C630083CE9E /* View */,
				D956C9302111928D0083CE9E /* ExSlideMenuController.swift */,
				D956C92E2111928D0083CE9E /* SlideMenuController.swift */,
				D956C92F2111928D0083CE9E /* UIApplication.swift */,
				D956C93B21119AA20083CE9E /* LeftMenuVC.swift */,
			);
			path = SideMenu;
			sourceTree = "<group>";
		};
		D956C936211195BE0083CE9E /* Extension */ = {
			isa = PBXGroup;
			children = (
				D956C9502111B5FC0083CE9E /* UITableViewExtension.swift */,
				D956C94E2111A3340083CE9E /* UIImage.swift */,
				D956C94C2111A0D30083CE9E /* String.swift */,
				D956C94A2111A0140083CE9E /* UIView.swift */,
				D956C94821119FA70083CE9E /* UIImageView.swift */,
				D956C9382111962F0083CE9E /* UIColor.swift */,
				D956C9372111962F0083CE9E /* UIViewController.swift */,
				D963CF96211ABE850051F8A4 /* AttributedString.swift */,
				D963CF98211ACBA80051F8A4 /* Constant.swift */,
				9B1097DD2122A82100DF9F3F /* SpeechController.swift */,
			);
			path = Extension;
			sourceTree = "<group>";
		};
		D956C93D21119C630083CE9E /* View */ = {
			isa = PBXGroup;
			children = (
				D956C93F21119C750083CE9E /* ImageHeaderView.swift */,
				D956C93E21119C750083CE9E /* ImageHeaderView.xib */,
			);
			path = View;
			sourceTree = "<group>";
		};
		D956C94221119D400083CE9E /* AboutUs */ = {
			isa = PBXGroup;
			children = (
				D956C94621119D830083CE9E /* AboutUsVC.swift */,
			);
			path = AboutUs;
			sourceTree = "<group>";
		};
		D956C94321119D4C0083CE9E /* PrivacyPolicy */ = {
			isa = PBXGroup;
			children = (
				D956C94421119D6A0083CE9E /* PrivacyPolicyVC.swift */,
			);
			path = PrivacyPolicy;
			sourceTree = "<group>";
		};
		D962CDAE211322E200CF94CA /* Fonts */ = {
			isa = PBXGroup;
			children = (
				D962CDAF211322EA00CF94CA /* Open Sans */,
			);
			path = Fonts;
			sourceTree = "<group>";
		};
		D962CDAF211322EA00CF94CA /* Open Sans */ = {
			isa = PBXGroup;
			children = (
				D962CDB62113230500CF94CA /* OpenSans-Bold.ttf */,
				D962CDB92113230600CF94CA /* OpenSans-BoldItalic.ttf */,
				D962CDB42113230500CF94CA /* OpenSans-ExtraBold.ttf */,
				D962CDB52113230500CF94CA /* OpenSans-ExtraBoldItalic.ttf */,
				D962CDB22113230500CF94CA /* OpenSans-Italic.ttf */,
				D962CDB32113230500CF94CA /* OpenSans-Light.ttf */,
				D962CDB82113230600CF94CA /* OpenSans-LightItalic.ttf */,
				D962CDB02113230400CF94CA /* OpenSans-Regular.ttf */,
				D962CDB72113230500CF94CA /* OpenSans-SemiBold.ttf */,
				D962CDB12113230500CF94CA /* OpenSans-SemiBoldItalic.ttf */,
			);
			path = "Open Sans";
			sourceTree = "<group>";
		};
		D962CDC42113313B00CF94CA /* Storyboard */ = {
			isa = PBXGroup;
			children = (
				D962CDC52113319800CF94CA /* E-visa.storyboard */,
			);
			path = Storyboard;
			sourceTree = "<group>";
		};
		D962CDC72113341200CF94CA /* E-Visa */ = {
			isa = PBXGroup;
			children = (
				D962CDCA211335D700CF94CA /* E_VisaVC.swift */,
				D986A71221145D5700D7E1D7 /* E_VisaDetailVC.swift */,
				D986A71421145DA200D7E1D7 /* BottomCell.xib */,
				D986A71621145DC500D7E1D7 /* BottomCell.swift */,
				D986A718211468D600D7E1D7 /* VoiceVC.swift */,
				D986A71A2114698B00D7E1D7 /* ChatCell.xib */,
				D986A71C211469AC00D7E1D7 /* ChatCell.swift */,
				D964AA68211880DF00C32E14 /* ConfirmationVC.swift */,
				D94C67B621197CEA00D49A29 /* ThankYouVC.swift */,
				D94C67B82119820D00D49A29 /* ConfirmDataCell.xib */,
				D94C67BA21198CE300D49A29 /* ConfirmDataCell.swift */,
				D9566A69211C53DF009EF5E4 /* Validate.swift */,
				9B0F89A7211F57F5002594B2 /* ManualVC.swift */,
				9B1210E22125504B00D7AEF9 /* TypedFormVC.swift */,
				9B1210E4212551DF00D7AEF9 /* PageViewController.swift */,
				9B1210E62125559900D7AEF9 /* PageViewContentVC.swift */,
				9B1210E8212556FC00D7AEF9 /* SliderView.swift */,
				9B1210EA212577E300D7AEF9 /* QuestionData.swift */,
				9B8C5FF7212A9582005A456C /* ModalVC.swift */,
				9B8C5FF9212A9A28005A456C /* ParagraphVC.swift */,
				9BFB58F3212EB18100395AA1 /* NewVoiceVC.swift */,
			);
			path = "E-Visa";
			sourceTree = "<group>";
		};
		D96A99542108B27900908488 = {
			isa = PBXGroup;
			children = (
				D96A995F2108B27900908488 /* RCA */,
				D96A99772108B27E00908488 /* RCATests */,
				D96A99822108B27E00908488 /* RCAUITests */,
				D96A995E2108B27900908488 /* Products */,
				3C4AAE3242DC1018D9B24D80 /* Pods */,
				80A50C49AEE67DF84CA51BD1 /* Frameworks */,
			);
			sourceTree = "<group>";
		};
		D96A995E2108B27900908488 /* Products */ = {
			isa = PBXGroup;
			children = (
				D96A995D2108B27900908488 /* RCA.app */,
				D96A99742108B27E00908488 /* RCATests.xctest */,
				D96A997F2108B27E00908488 /* RCAUITests.xctest */,
			);
			name = Products;
			sourceTree = "<group>";
		};
		D96A995F2108B27900908488 /* RCA */ = {
			isa = PBXGroup;
			children = (
				9B11E8FC2135201400F201E8 /* Error */,
				9B124FE1213403450046CFCF /* Support */,
				D9DB0218211C93B3003F25F3 /* Reachability.swift */,
				9B8C5FFB212AAB9F005A456C /* Wallpaper@2x.png */,
				D9566A6B211C625C009EF5E4 /* speech.gif */,
				D986A70F211431D000D7E1D7 /* CustomViews */,
				D962CDC72113341200CF94CA /* E-Visa */,
				D962CDC42113313B00CF94CA /* Storyboard */,
				D962CDAE211322E200CF94CA /* Fonts */,
				D956C94321119D4C0083CE9E /* PrivacyPolicy */,
				D956C94221119D400083CE9E /* AboutUs */,
				D956C936211195BE0083CE9E /* Extension */,
				D956C92D2111926F0083CE9E /* SideMenu */,
				D90B3092210EF13F00C8F3A4 /* CoreData */,
				D989ED802109E008005975C3 /* Home */,
				D989ED7B2109BD4A005975C3 /* Base Class */,
				D989ED7821099B56005975C3 /* NetworkManager */,
				D96A99602108B27900908488 /* AppDelegate.swift */,
				D96A996A2108B27E00908488 /* Assets.xcassets */,
				D96A996C2108B27E00908488 /* LaunchScreen.storyboard */,
				D96A99642108B27900908488 /* Main.storyboard */,
				D96A99912108B4D600908488 /* GoogleService-Info.plist */,
				D96A996F2108B27E00908488 /* Info.plist */,
				D956C9612111ED060083CE9E /* RCA.xcdatamodeld */,
				D9768F2D210AFE7400F8FACB /* FormVC.swift */,
			);
			path = RCA;
			sourceTree = "<group>";
		};
		D96A99772108B27E00908488 /* RCATests */ = {
			isa = PBXGroup;
			children = (
				D96A99782108B27E00908488 /* RCATests.swift */,
				D96A997A2108B27E00908488 /* Info.plist */,
			);
			path = RCATests;
			sourceTree = "<group>";
		};
		D96A99822108B27E00908488 /* RCAUITests */ = {
			isa = PBXGroup;
			children = (
				D96A99832108B27E00908488 /* RCAUITests.swift */,
				D96A99852108B27E00908488 /* Info.plist */,
			);
			path = RCAUITests;
			sourceTree = "<group>";
		};
		D986A70F211431D000D7E1D7 /* CustomViews */ = {
			isa = PBXGroup;
			children = (
				D986A7102114320F00D7E1D7 /* RoundButton.swift */,
				D964AA662118399B00C32E14 /* PaddedLabel.swift */,
				9B8C5FFD212ABC6C005A456C /* CustomTextField.xib */,
				9B8C5FFF212ABD90005A456C /* CustomTextField.swift */,
			);
			path = CustomViews;
			sourceTree = "<group>";
		};
		D989ED7821099B56005975C3 /* NetworkManager */ = {
			isa = PBXGroup;
			children = (
				D989ED7921099B87005975C3 /* NetworkManager.swift */,
				D95A1B2C2110337B0030741F /* DataManager.swift */,
			);
			path = NetworkManager;
			sourceTree = "<group>";
		};
		D989ED7B2109BD4A005975C3 /* Base Class */ = {
			isa = PBXGroup;
			children = (
				D989ED7C2109BD7F005975C3 /* BaseVC.swift */,
				D989ED852109E300005975C3 /* BasePresenter.swift */,
				D956C9522111B60F0083CE9E /* BaseTableViewCell.swift */,
				D989ED7E2109D46C005975C3 /* BaseView.swift */,
			);
			path = "Base Class";
			sourceTree = "<group>";
		};
		D989ED802109E008005975C3 /* Home */ = {
			isa = PBXGroup;
			children = (
				D96A99622108B27900908488 /* ViewController.swift */,
				D989ED812109E02F005975C3 /* HomeView.swift */,
				D989ED832109E0FF005975C3 /* HomePresenter.swift */,
				D962CDA82112EB6B00CF94CA /* HomeVC.swift */,
				D962CDAA2112EDE800CF94CA /* HomeCell.xib */,
				D962CDAC2112EE1300CF94CA /* HomeCell.swift */,
			);
			path = Home;
			sourceTree = "<group>";
		};
/* End PBXGroup section */

/* Begin PBXNativeTarget section */
		D96A995C2108B27900908488 /* RCA */ = {
			isa = PBXNativeTarget;
			buildConfigurationList = D96A99882108B27E00908488 /* Build configuration list for PBXNativeTarget "RCA" */;
			buildPhases = (
				671D05369BD8E449438A3C3D /* [CP] Check Pods Manifest.lock */,
				D96A99592108B27900908488 /* Sources */,
				D96A995A2108B27900908488 /* Frameworks */,
				D96A995B2108B27900908488 /* Resources */,
				C6926897B0D66633CF7F0F19 /* [CP] Embed Pods Frameworks */,
				D96A99932108B72900908488 /* ShellScript */,
			);
			buildRules = (
			);
			dependencies = (
			);
			name = RCA;
			productName = RCA;
			productReference = D96A995D2108B27900908488 /* RCA.app */;
			productType = "com.apple.product-type.application";
		};
		D96A99732108B27E00908488 /* RCATests */ = {
			isa = PBXNativeTarget;
			buildConfigurationList = D96A998B2108B27E00908488 /* Build configuration list for PBXNativeTarget "RCATests" */;
			buildPhases = (
				78A84048E1E0D59407193F43 /* [CP] Check Pods Manifest.lock */,
				D96A99702108B27E00908488 /* Sources */,
				D96A99712108B27E00908488 /* Frameworks */,
				D96A99722108B27E00908488 /* Resources */,
			);
			buildRules = (
			);
			dependencies = (
				D96A99762108B27E00908488 /* PBXTargetDependency */,
			);
			name = RCATests;
			productName = RCATests;
			productReference = D96A99742108B27E00908488 /* RCATests.xctest */;
			productType = "com.apple.product-type.bundle.unit-test";
		};
		D96A997E2108B27E00908488 /* RCAUITests */ = {
			isa = PBXNativeTarget;
			buildConfigurationList = D96A998E2108B27E00908488 /* Build configuration list for PBXNativeTarget "RCAUITests" */;
			buildPhases = (
				86817876879A97B3384B7E5A /* [CP] Check Pods Manifest.lock */,
				D96A997B2108B27E00908488 /* Sources */,
				D96A997C2108B27E00908488 /* Frameworks */,
				D96A997D2108B27E00908488 /* Resources */,
			);
			buildRules = (
			);
			dependencies = (
				D96A99812108B27E00908488 /* PBXTargetDependency */,
			);
			name = RCAUITests;
			productName = RCAUITests;
			productReference = D96A997F2108B27E00908488 /* RCAUITests.xctest */;
			productType = "com.apple.product-type.bundle.ui-testing";
		};
/* End PBXNativeTarget section */

/* Begin PBXProject section */
		D96A99552108B27900908488 /* Project object */ = {
			isa = PBXProject;
			attributes = {
				LastSwiftUpdateCheck = 0940;
				LastUpgradeCheck = 0940;
				ORGANIZATIONNAME = TWC;
				TargetAttributes = {
					D96A995C2108B27900908488 = {
						CreatedOnToolsVersion = 9.4;
					};
					D96A99732108B27E00908488 = {
						CreatedOnToolsVersion = 9.4;
						TestTargetID = D96A995C2108B27900908488;
					};
					D96A997E2108B27E00908488 = {
						CreatedOnToolsVersion = 9.4;
						TestTargetID = D96A995C2108B27900908488;
					};
				};
			};
			buildConfigurationList = D96A99582108B27900908488 /* Build configuration list for PBXProject "RCA" */;
			compatibilityVersion = "Xcode 9.3";
			developmentRegion = en;
			hasScannedForEncodings = 0;
			knownRegions = (
				en,
				Base,
			);
			mainGroup = D96A99542108B27900908488;
			productRefGroup = D96A995E2108B27900908488 /* Products */;
			projectDirPath = "";
			projectRoot = "";
			targets = (
				D96A995C2108B27900908488 /* RCA */,
				D96A99732108B27E00908488 /* RCATests */,
				D96A997E2108B27E00908488 /* RCAUITests */,
			);
		};
/* End PBXProject section */

/* Begin PBXResourcesBuildPhase section */
		D96A995B2108B27900908488 /* Resources */ = {
			isa = PBXResourcesBuildPhase;
			buildActionMask = 2147483647;
			files = (
				D9566A6C211C625C009EF5E4 /* speech.gif in Resources */,
				D962CDC32113307600CF94CA /* OpenSans-SemiBoldItalic.ttf in Resources */,
				D94C67B92119820D00D49A29 /* ConfirmDataCell.xib in Resources */,
				D96A996E2108B27E00908488 /* LaunchScreen.storyboard in Resources */,
				9B8C5FFE212ABC6C005A456C /* CustomTextField.xib in Resources */,
				D962CDBE2113306900CF94CA /* OpenSans-Italic.ttf in Resources */,
				D962CDBA2113305C00CF94CA /* OpenSans-Bold.ttf in Resources */,
				D962CDBC2113306200CF94CA /* OpenSans-ExtraBold.ttf in Resources */,
				D986A71B2114698B00D7E1D7 /* ChatCell.xib in Resources */,
				D956C94021119C750083CE9E /* ImageHeaderView.xib in Resources */,
				D96A996B2108B27E00908488 /* Assets.xcassets in Resources */,
				D962CDBF2113306C00CF94CA /* OpenSans-Light.ttf in Resources */,
				D962CDC22113307400CF94CA /* OpenSans-SemiBold.ttf in Resources */,
				D96A99922108B4D600908488 /* GoogleService-Info.plist in Resources */,
				D986A71521145DA200D7E1D7 /* BottomCell.xib in Resources */,
				D962CDAB2112EDE800CF94CA /* HomeCell.xib in Resources */,
				9B11E8F72135023400F201E8 /* ErrorCell.xib in Resources */,
				D962CDBD2113306600CF94CA /* OpenSans-ExtraBoldItalic.ttf in Resources */,
				D962CDC12113307100CF94CA /* OpenSans-Regular.ttf in Resources */,
				9B11E8F92135031400F201E8 /* error.jpg in Resources */,
				D962CDBB2113306000CF94CA /* OpenSans-BoldItalic.ttf in Resources */,
				D962CDC62113319800CF94CA /* E-visa.storyboard in Resources */,
				D962CDC02113306F00CF94CA /* OpenSans-LightItalic.ttf in Resources */,
				D96A99662108B27900908488 /* Main.storyboard in Resources */,
				9B8C5FFC212AABA0005A456C /* Wallpaper@2x.png in Resources */,
			);
			runOnlyForDeploymentPostprocessing = 0;
		};
		D96A99722108B27E00908488 /* Resources */ = {
			isa = PBXResourcesBuildPhase;
			buildActionMask = 2147483647;
			files = (
			);
			runOnlyForDeploymentPostprocessing = 0;
		};
		D96A997D2108B27E00908488 /* Resources */ = {
			isa = PBXResourcesBuildPhase;
			buildActionMask = 2147483647;
			files = (
			);
			runOnlyForDeploymentPostprocessing = 0;
		};
/* End PBXResourcesBuildPhase section */

/* Begin PBXShellScriptBuildPhase section */
		671D05369BD8E449438A3C3D /* [CP] Check Pods Manifest.lock */ = {
			isa = PBXShellScriptBuildPhase;
			buildActionMask = 2147483647;
			files = (
			);
			inputPaths = (
				"${PODS_PODFILE_DIR_PATH}/Podfile.lock",
				"${PODS_ROOT}/Manifest.lock",
			);
			name = "[CP] Check Pods Manifest.lock";
			outputPaths = (
				"$(DERIVED_FILE_DIR)/Pods-RCA-checkManifestLockResult.txt",
			);
			runOnlyForDeploymentPostprocessing = 0;
			shellPath = /bin/sh;
			shellScript = "diff \"${PODS_PODFILE_DIR_PATH}/Podfile.lock\" \"${PODS_ROOT}/Manifest.lock\" > /dev/null\nif [ $? != 0 ] ; then\n    # print error to STDERR\n    echo \"error: The sandbox is not in sync with the Podfile.lock. Run 'pod install' or update your CocoaPods installation.\" >&2\n    exit 1\nfi\n# This output is used by Xcode 'outputs' to avoid re-running this script phase.\necho \"SUCCESS\" > \"${SCRIPT_OUTPUT_FILE_0}\"\n";
			showEnvVarsInLog = 0;
		};
		78A84048E1E0D59407193F43 /* [CP] Check Pods Manifest.lock */ = {
			isa = PBXShellScriptBuildPhase;
			buildActionMask = 2147483647;
			files = (
			);
			inputPaths = (
				"${PODS_PODFILE_DIR_PATH}/Podfile.lock",
				"${PODS_ROOT}/Manifest.lock",
			);
			name = "[CP] Check Pods Manifest.lock";
			outputPaths = (
				"$(DERIVED_FILE_DIR)/Pods-RCATests-checkManifestLockResult.txt",
			);
			runOnlyForDeploymentPostprocessing = 0;
			shellPath = /bin/sh;
			shellScript = "diff \"${PODS_PODFILE_DIR_PATH}/Podfile.lock\" \"${PODS_ROOT}/Manifest.lock\" > /dev/null\nif [ $? != 0 ] ; then\n    # print error to STDERR\n    echo \"error: The sandbox is not in sync with the Podfile.lock. Run 'pod install' or update your CocoaPods installation.\" >&2\n    exit 1\nfi\n# This output is used by Xcode 'outputs' to avoid re-running this script phase.\necho \"SUCCESS\" > \"${SCRIPT_OUTPUT_FILE_0}\"\n";
			showEnvVarsInLog = 0;
		};
		86817876879A97B3384B7E5A /* [CP] Check Pods Manifest.lock */ = {
			isa = PBXShellScriptBuildPhase;
			buildActionMask = 2147483647;
			files = (
			);
			inputPaths = (
				"${PODS_PODFILE_DIR_PATH}/Podfile.lock",
				"${PODS_ROOT}/Manifest.lock",
			);
			name = "[CP] Check Pods Manifest.lock";
			outputPaths = (
				"$(DERIVED_FILE_DIR)/Pods-RCAUITests-checkManifestLockResult.txt",
			);
			runOnlyForDeploymentPostprocessing = 0;
			shellPath = /bin/sh;
			shellScript = "diff \"${PODS_PODFILE_DIR_PATH}/Podfile.lock\" \"${PODS_ROOT}/Manifest.lock\" > /dev/null\nif [ $? != 0 ] ; then\n    # print error to STDERR\n    echo \"error: The sandbox is not in sync with the Podfile.lock. Run 'pod install' or update your CocoaPods installation.\" >&2\n    exit 1\nfi\n# This output is used by Xcode 'outputs' to avoid re-running this script phase.\necho \"SUCCESS\" > \"${SCRIPT_OUTPUT_FILE_0}\"\n";
			showEnvVarsInLog = 0;
		};
		C6926897B0D66633CF7F0F19 /* [CP] Embed Pods Frameworks */ = {
			isa = PBXShellScriptBuildPhase;
			buildActionMask = 2147483647;
			files = (
			);
			inputPaths = (
				"${SRCROOT}/Pods/Target Support Files/Pods-RCA/Pods-RCA-frameworks.sh",
				"${BUILT_PRODUCTS_DIR}/GoogleToolboxForMac/GoogleToolboxForMac.framework",
				"${BUILT_PRODUCTS_DIR}/IQKeyboardManagerSwift/IQKeyboardManagerSwift.framework",
				"${BUILT_PRODUCTS_DIR}/ReverseExtension/ReverseExtension.framework",
				"${BUILT_PRODUCTS_DIR}/SDWebImage/SDWebImage.framework",
				"${BUILT_PRODUCTS_DIR}/SVProgressHUD/SVProgressHUD.framework",
				"${BUILT_PRODUCTS_DIR}/nanopb/nanopb.framework",
			);
			name = "[CP] Embed Pods Frameworks";
			outputPaths = (
				"${TARGET_BUILD_DIR}/${FRAMEWORKS_FOLDER_PATH}/GoogleToolboxForMac.framework",
				"${TARGET_BUILD_DIR}/${FRAMEWORKS_FOLDER_PATH}/IQKeyboardManagerSwift.framework",
				"${TARGET_BUILD_DIR}/${FRAMEWORKS_FOLDER_PATH}/ReverseExtension.framework",
				"${TARGET_BUILD_DIR}/${FRAMEWORKS_FOLDER_PATH}/SDWebImage.framework",
				"${TARGET_BUILD_DIR}/${FRAMEWORKS_FOLDER_PATH}/SVProgressHUD.framework",
				"${TARGET_BUILD_DIR}/${FRAMEWORKS_FOLDER_PATH}/nanopb.framework",
			);
			runOnlyForDeploymentPostprocessing = 0;
			shellPath = /bin/sh;
			shellScript = "\"${SRCROOT}/Pods/Target Support Files/Pods-RCA/Pods-RCA-frameworks.sh\"\n";
			showEnvVarsInLog = 0;
		};
		D96A99932108B72900908488 /* ShellScript */ = {
			isa = PBXShellScriptBuildPhase;
			buildActionMask = 2147483647;
			files = (
			);
			inputPaths = (
			);
			outputPaths = (
			);
			runOnlyForDeploymentPostprocessing = 0;
			shellPath = /bin/sh;
			shellScript = "\"${PODS_ROOT}/Fabric/run\"\n";
		};
/* End PBXShellScriptBuildPhase section */

/* Begin PBXSourcesBuildPhase section */
		D96A99592108B27900908488 /* Sources */ = {
			isa = PBXSourcesBuildPhase;
			buildActionMask = 2147483647;
			files = (
				9B0F89A8211F57F5002594B2 /* ManualVC.swift in Sources */,
				D956C94121119C750083CE9E /* ImageHeaderView.swift in Sources */,
				D956C9322111928D0083CE9E /* UIApplication.swift in Sources */,
				9B8C5FFA212A9A28005A456C /* ParagraphVC.swift in Sources */,
				D963CF99211ACBA80051F8A4 /* Constant.swift in Sources */,
				9B8C6000212ABD90005A456C /* CustomTextField.swift in Sources */,
				D9768F2E210AFE7400F8FACB /* FormVC.swift in Sources */,
				D956C9392111962F0083CE9E /* UIViewController.swift in Sources */,
				9B11E8FB2135038500F201E8 /* ErrorCell.swift in Sources */,
				9B1210E72125559900D7AEF9 /* PageViewContentVC.swift in Sources */,
				D956C9632111ED060083CE9E /* RCA.xcdatamodeld in Sources */,
				D964AA69211880E000C32E14 /* ConfirmationVC.swift in Sources */,
				D956C9312111928D0083CE9E /* SlideMenuController.swift in Sources */,
				9BFB58F4212EB18100395AA1 /* NewVoiceVC.swift in Sources */,
				D94C67B721197CEA00D49A29 /* ThankYouVC.swift in Sources */,
				D956C9532111B60F0083CE9E /* BaseTableViewCell.swift in Sources */,
				D989ED7A21099B87005975C3 /* NetworkManager.swift in Sources */,
				D956C94F2111A3340083CE9E /* UIImage.swift in Sources */,
				9B11E8FE2135203000F201E8 /* ErrorVC.swift in Sources */,
				D962CDA92112EB6B00CF94CA /* HomeVC.swift in Sources */,
				D963CF97211ABE850051F8A4 /* AttributedString.swift in Sources */,
				D986A71321145D5700D7E1D7 /* E_VisaDetailVC.swift in Sources */,
				9B124FE32134035E0046CFCF /* Enums.swift in Sources */,
				9BF1C0AD21369DF9004DBC86 /* BaseManagedObject.swift in Sources */,
				D956C95B2111D5170083CE9E /* Country+CoreDataClass.swift in Sources */,
				D962CDCB211335D700CF94CA /* E_VisaVC.swift in Sources */,
				D956C9332111928D0083CE9E /* ExSlideMenuController.swift in Sources */,
				D989ED862109E300005975C3 /* BasePresenter.swift in Sources */,
				9B1210EB212577E300D7AEF9 /* QuestionData.swift in Sources */,
				D95A1B2D2110337B0030741F /* DataManager.swift in Sources */,
				D956C93A2111962F0083CE9E /* UIColor.swift in Sources */,
				D956C95C2111D5170083CE9E /* Country+CoreDataProperties.swift in Sources */,
				D989ED822109E02F005975C3 /* HomeView.swift in Sources */,
				D96A99632108B27900908488 /* ViewController.swift in Sources */,
				D90B30AA210EFD3A00C8F3A4 /* BaseCoreService.swift in Sources */,
				D96A99612108B27900908488 /* AppDelegate.swift in Sources */,
				D956C94D2111A0D30083CE9E /* String.swift in Sources */,
				D986A71D211469AC00D7E1D7 /* ChatCell.swift in Sources */,
				D986A7112114320F00D7E1D7 /* RoundButton.swift in Sources */,
				9B1210E32125504B00D7AEF9 /* TypedFormVC.swift in Sources */,
				D90B30AD210F230200C8F3A4 /* PassportType+CoreDataClass.swift in Sources */,
				D956C94521119D6A0083CE9E /* PrivacyPolicyVC.swift in Sources */,
				D94C67BB21198CE300D49A29 /* ConfirmDataCell.swift in Sources */,
				D956C94921119FA70083CE9E /* UIImageView.swift in Sources */,
				9B1210E9212556FC00D7AEF9 /* SliderView.swift in Sources */,
				9B1097DE2122A82100DF9F3F /* SpeechController.swift in Sources */,
				D989ED7F2109D46C005975C3 /* BaseView.swift in Sources */,
				D962CDAD2112EE1300CF94CA /* HomeCell.swift in Sources */,
				D9566A6A211C53DF009EF5E4 /* Validate.swift in Sources */,
				D956C93C21119AA20083CE9E /* LeftMenuVC.swift in Sources */,
				D956C94B2111A0140083CE9E /* UIView.swift in Sources */,
				9B1210E5212551DF00D7AEF9 /* PageViewController.swift in Sources */,
				D9DB0219211C93B4003F25F3 /* Reachability.swift in Sources */,
				9B8C5FF8212A9582005A456C /* ModalVC.swift in Sources */,
				D986A719211468D600D7E1D7 /* VoiceVC.swift in Sources */,
				D90B30AE210F230200C8F3A4 /* PassportType+CoreDataProperties.swift in Sources */,
				D956C94721119D830083CE9E /* AboutUsVC.swift in Sources */,
				D989ED7D2109BD7F005975C3 /* BaseVC.swift in Sources */,
				D986A71721145DC500D7E1D7 /* BottomCell.swift in Sources */,
				D989ED842109E0FF005975C3 /* HomePresenter.swift in Sources */,
				D964AA672118399B00C32E14 /* PaddedLabel.swift in Sources */,
				D956C9512111B5FC0083CE9E /* UITableViewExtension.swift in Sources */,
			);
			runOnlyForDeploymentPostprocessing = 0;
		};
		D96A99702108B27E00908488 /* Sources */ = {
			isa = PBXSourcesBuildPhase;
			buildActionMask = 2147483647;
			files = (
				D96A99792108B27E00908488 /* RCATests.swift in Sources */,
			);
			runOnlyForDeploymentPostprocessing = 0;
		};
		D96A997B2108B27E00908488 /* Sources */ = {
			isa = PBXSourcesBuildPhase;
			buildActionMask = 2147483647;
			files = (
				D96A99842108B27E00908488 /* RCAUITests.swift in Sources */,
			);
			runOnlyForDeploymentPostprocessing = 0;
		};
/* End PBXSourcesBuildPhase section */

/* Begin PBXTargetDependency section */
		D96A99762108B27E00908488 /* PBXTargetDependency */ = {
			isa = PBXTargetDependency;
			target = D96A995C2108B27900908488 /* RCA */;
			targetProxy = D96A99752108B27E00908488 /* PBXContainerItemProxy */;
		};
		D96A99812108B27E00908488 /* PBXTargetDependency */ = {
			isa = PBXTargetDependency;
			target = D96A995C2108B27900908488 /* RCA */;
			targetProxy = D96A99802108B27E00908488 /* PBXContainerItemProxy */;
		};
/* End PBXTargetDependency section */

/* Begin PBXVariantGroup section */
		D96A99642108B27900908488 /* Main.storyboard */ = {
			isa = PBXVariantGroup;
			children = (
				D96A99652108B27900908488 /* Base */,
			);
			name = Main.storyboard;
			sourceTree = "<group>";
		};
		D96A996C2108B27E00908488 /* LaunchScreen.storyboard */ = {
			isa = PBXVariantGroup;
			children = (
				D96A996D2108B27E00908488 /* Base */,
			);
			name = LaunchScreen.storyboard;
			sourceTree = "<group>";
		};
/* End PBXVariantGroup section */

/* Begin XCBuildConfiguration section */
		D96A99862108B27E00908488 /* Debug */ = {
			isa = XCBuildConfiguration;
			buildSettings = {
				ALWAYS_SEARCH_USER_PATHS = NO;
				CLANG_ANALYZER_NONNULL = YES;
				CLANG_ANALYZER_NUMBER_OBJECT_CONVERSION = YES_AGGRESSIVE;
				CLANG_CXX_LANGUAGE_STANDARD = "gnu++14";
				CLANG_CXX_LIBRARY = "libc++";
				CLANG_ENABLE_MODULES = YES;
				CLANG_ENABLE_OBJC_ARC = YES;
				CLANG_ENABLE_OBJC_WEAK = YES;
				CLANG_WARN_BLOCK_CAPTURE_AUTORELEASING = YES;
				CLANG_WARN_BOOL_CONVERSION = YES;
				CLANG_WARN_COMMA = YES;
				CLANG_WARN_CONSTANT_CONVERSION = YES;
				CLANG_WARN_DEPRECATED_OBJC_IMPLEMENTATIONS = YES;
				CLANG_WARN_DIRECT_OBJC_ISA_USAGE = YES_ERROR;
				CLANG_WARN_DOCUMENTATION_COMMENTS = YES;
				CLANG_WARN_EMPTY_BODY = YES;
				CLANG_WARN_ENUM_CONVERSION = YES;
				CLANG_WARN_INFINITE_RECURSION = YES;
				CLANG_WARN_INT_CONVERSION = YES;
				CLANG_WARN_NON_LITERAL_NULL_CONVERSION = YES;
				CLANG_WARN_OBJC_IMPLICIT_RETAIN_SELF = YES;
				CLANG_WARN_OBJC_LITERAL_CONVERSION = YES;
				CLANG_WARN_OBJC_ROOT_CLASS = YES_ERROR;
				CLANG_WARN_RANGE_LOOP_ANALYSIS = YES;
				CLANG_WARN_STRICT_PROTOTYPES = YES;
				CLANG_WARN_SUSPICIOUS_MOVE = YES;
				CLANG_WARN_UNGUARDED_AVAILABILITY = YES_AGGRESSIVE;
				CLANG_WARN_UNREACHABLE_CODE = YES;
				CLANG_WARN__DUPLICATE_METHOD_MATCH = YES;
				CODE_SIGN_IDENTITY = "iPhone Developer";
				COPY_PHASE_STRIP = NO;
				DEBUG_INFORMATION_FORMAT = dwarf;
				ENABLE_STRICT_OBJC_MSGSEND = YES;
				ENABLE_TESTABILITY = YES;
				GCC_C_LANGUAGE_STANDARD = gnu11;
				GCC_DYNAMIC_NO_PIC = NO;
				GCC_NO_COMMON_BLOCKS = YES;
				GCC_OPTIMIZATION_LEVEL = 0;
				GCC_PREPROCESSOR_DEFINITIONS = (
					"DEBUG=1",
					"$(inherited)",
				);
				GCC_WARN_64_TO_32_BIT_CONVERSION = YES;
				GCC_WARN_ABOUT_RETURN_TYPE = YES_ERROR;
				GCC_WARN_UNDECLARED_SELECTOR = YES;
				GCC_WARN_UNINITIALIZED_AUTOS = YES_AGGRESSIVE;
				GCC_WARN_UNUSED_FUNCTION = YES;
				GCC_WARN_UNUSED_VARIABLE = YES;
				IPHONEOS_DEPLOYMENT_TARGET = 11.4;
				MTL_ENABLE_DEBUG_INFO = YES;
				ONLY_ACTIVE_ARCH = YES;
				SDKROOT = iphoneos;
				SWIFT_ACTIVE_COMPILATION_CONDITIONS = DEBUG;
				SWIFT_OPTIMIZATION_LEVEL = "-Onone";
			};
			name = Debug;
		};
		D96A99872108B27E00908488 /* Release */ = {
			isa = XCBuildConfiguration;
			buildSettings = {
				ALWAYS_SEARCH_USER_PATHS = NO;
				CLANG_ANALYZER_NONNULL = YES;
				CLANG_ANALYZER_NUMBER_OBJECT_CONVERSION = YES_AGGRESSIVE;
				CLANG_CXX_LANGUAGE_STANDARD = "gnu++14";
				CLANG_CXX_LIBRARY = "libc++";
				CLANG_ENABLE_MODULES = YES;
				CLANG_ENABLE_OBJC_ARC = YES;
				CLANG_ENABLE_OBJC_WEAK = YES;
				CLANG_WARN_BLOCK_CAPTURE_AUTORELEASING = YES;
				CLANG_WARN_BOOL_CONVERSION = YES;
				CLANG_WARN_COMMA = YES;
				CLANG_WARN_CONSTANT_CONVERSION = YES;
				CLANG_WARN_DEPRECATED_OBJC_IMPLEMENTATIONS = YES;
				CLANG_WARN_DIRECT_OBJC_ISA_USAGE = YES_ERROR;
				CLANG_WARN_DOCUMENTATION_COMMENTS = YES;
				CLANG_WARN_EMPTY_BODY = YES;
				CLANG_WARN_ENUM_CONVERSION = YES;
				CLANG_WARN_INFINITE_RECURSION = YES;
				CLANG_WARN_INT_CONVERSION = YES;
				CLANG_WARN_NON_LITERAL_NULL_CONVERSION = YES;
				CLANG_WARN_OBJC_IMPLICIT_RETAIN_SELF = YES;
				CLANG_WARN_OBJC_LITERAL_CONVERSION = YES;
				CLANG_WARN_OBJC_ROOT_CLASS = YES_ERROR;
				CLANG_WARN_RANGE_LOOP_ANALYSIS = YES;
				CLANG_WARN_STRICT_PROTOTYPES = YES;
				CLANG_WARN_SUSPICIOUS_MOVE = YES;
				CLANG_WARN_UNGUARDED_AVAILABILITY = YES_AGGRESSIVE;
				CLANG_WARN_UNREACHABLE_CODE = YES;
				CLANG_WARN__DUPLICATE_METHOD_MATCH = YES;
				CODE_SIGN_IDENTITY = "iPhone Developer";
				COPY_PHASE_STRIP = NO;
				DEBUG_INFORMATION_FORMAT = "dwarf-with-dsym";
				ENABLE_NS_ASSERTIONS = NO;
				ENABLE_STRICT_OBJC_MSGSEND = YES;
				GCC_C_LANGUAGE_STANDARD = gnu11;
				GCC_NO_COMMON_BLOCKS = YES;
				GCC_WARN_64_TO_32_BIT_CONVERSION = YES;
				GCC_WARN_ABOUT_RETURN_TYPE = YES_ERROR;
				GCC_WARN_UNDECLARED_SELECTOR = YES;
				GCC_WARN_UNINITIALIZED_AUTOS = YES_AGGRESSIVE;
				GCC_WARN_UNUSED_FUNCTION = YES;
				GCC_WARN_UNUSED_VARIABLE = YES;
				IPHONEOS_DEPLOYMENT_TARGET = 11.4;
				MTL_ENABLE_DEBUG_INFO = NO;
				SDKROOT = iphoneos;
				SWIFT_COMPILATION_MODE = wholemodule;
				SWIFT_OPTIMIZATION_LEVEL = "-O";
				VALIDATE_PRODUCT = YES;
			};
			name = Release;
		};
		D96A99892108B27E00908488 /* Debug */ = {
			isa = XCBuildConfiguration;
			baseConfigurationReference = C51F31B5B7DE85B55B58964A /* Pods-RCA.debug.xcconfig */;
			buildSettings = {
				ASSETCATALOG_COMPILER_APPICON_NAME = AppIcon;
				CODE_SIGN_STYLE = Manual;
				DEBUG_INFORMATION_FORMAT = "dwarf-with-dsym";
				DEVELOPMENT_TEAM = U9749735YS;
				INFOPLIST_FILE = RCA/Info.plist;
				IPHONEOS_DEPLOYMENT_TARGET = 10.0;
				LD_RUNPATH_SEARCH_PATHS = (
					"$(inherited)",
					"@executable_path/Frameworks",
				);
				PRODUCT_BUNDLE_IDENTIFIER = com.thewhiteboardcompany.RCA;
				PRODUCT_NAME = "$(TARGET_NAME)";

				PROVISIONING_PROFILE = "06759d3a-75ae-4047-827f-3585e828ad2a";

				PROVISIONING_PROFILE_SPECIFIER = RCA_Develop;
				SWIFT_VERSION = 4.0;
				TARGETED_DEVICE_FAMILY = 1;
			};
			name = Debug;
		};
		D96A998A2108B27E00908488 /* Release */ = {
			isa = XCBuildConfiguration;
			baseConfigurationReference = 96A8E18A3D78996B8345182F /* Pods-RCA.release.xcconfig */;
			buildSettings = {
				ASSETCATALOG_COMPILER_APPICON_NAME = AppIcon;
				CODE_SIGN_STYLE = Manual;
				DEVELOPMENT_TEAM = U9749735YS;
				INFOPLIST_FILE = RCA/Info.plist;
				IPHONEOS_DEPLOYMENT_TARGET = 10.0;
				LD_RUNPATH_SEARCH_PATHS = (
					"$(inherited)",
					"@executable_path/Frameworks",
				);
				PRODUCT_BUNDLE_IDENTIFIER = com.thewhiteboardcompany.RCA;
				PRODUCT_NAME = "$(TARGET_NAME)";

				PROVISIONING_PROFILE = "723509b4-3bf2-4bbf-b793-2077e349e74c";

				PROVISIONING_PROFILE_SPECIFIER = RCA_Develop;
				SWIFT_VERSION = 4.0;
				TARGETED_DEVICE_FAMILY = 1;
			};
			name = Release;
		};
		D96A998C2108B27E00908488 /* Debug */ = {
			isa = XCBuildConfiguration;
			baseConfigurationReference = 9B45D11C45D5A89FD8B4E84E /* Pods-RCATests.debug.xcconfig */;
			buildSettings = {
				ALWAYS_EMBED_SWIFT_STANDARD_LIBRARIES = YES;
				BUNDLE_LOADER = "$(TEST_HOST)";
				CODE_SIGN_STYLE = Automatic;
				INFOPLIST_FILE = RCATests/Info.plist;
				LD_RUNPATH_SEARCH_PATHS = (
					"$(inherited)",
					"@executable_path/Frameworks",
					"@loader_path/Frameworks",
				);
				PRODUCT_BUNDLE_IDENTIFIER = com.thewhiteboardcompany.RCATests;
				PRODUCT_NAME = "$(TARGET_NAME)";
				SWIFT_VERSION = 4.0;
				TARGETED_DEVICE_FAMILY = "1,2";
				TEST_HOST = "$(BUILT_PRODUCTS_DIR)/RCA.app/RCA";
			};
			name = Debug;
		};
		D96A998D2108B27E00908488 /* Release */ = {
			isa = XCBuildConfiguration;
			baseConfigurationReference = 4822DE09BA20BC35D6AAD19B /* Pods-RCATests.release.xcconfig */;
			buildSettings = {
				ALWAYS_EMBED_SWIFT_STANDARD_LIBRARIES = YES;
				BUNDLE_LOADER = "$(TEST_HOST)";
				CODE_SIGN_STYLE = Automatic;
				INFOPLIST_FILE = RCATests/Info.plist;
				LD_RUNPATH_SEARCH_PATHS = (
					"$(inherited)",
					"@executable_path/Frameworks",
					"@loader_path/Frameworks",
				);
				PRODUCT_BUNDLE_IDENTIFIER = com.thewhiteboardcompany.RCATests;
				PRODUCT_NAME = "$(TARGET_NAME)";
				SWIFT_VERSION = 4.0;
				TARGETED_DEVICE_FAMILY = "1,2";
				TEST_HOST = "$(BUILT_PRODUCTS_DIR)/RCA.app/RCA";
			};
			name = Release;
		};
		D96A998F2108B27E00908488 /* Debug */ = {
			isa = XCBuildConfiguration;
			baseConfigurationReference = D7AB8FDE2A809489F828DBBD /* Pods-RCAUITests.debug.xcconfig */;
			buildSettings = {
				ALWAYS_EMBED_SWIFT_STANDARD_LIBRARIES = YES;
				CODE_SIGN_STYLE = Automatic;
				INFOPLIST_FILE = RCAUITests/Info.plist;
				LD_RUNPATH_SEARCH_PATHS = (
					"$(inherited)",
					"@executable_path/Frameworks",
					"@loader_path/Frameworks",
				);
				PRODUCT_BUNDLE_IDENTIFIER = com.thewhiteboardcompany.RCAUITests;
				PRODUCT_NAME = "$(TARGET_NAME)";
				SWIFT_VERSION = 4.0;
				TARGETED_DEVICE_FAMILY = "1,2";
				TEST_TARGET_NAME = RCA;
			};
			name = Debug;
		};
		D96A99902108B27E00908488 /* Release */ = {
			isa = XCBuildConfiguration;
			baseConfigurationReference = 901CE2F6B4054E5FA5006C4C /* Pods-RCAUITests.release.xcconfig */;
			buildSettings = {
				ALWAYS_EMBED_SWIFT_STANDARD_LIBRARIES = YES;
				CODE_SIGN_STYLE = Automatic;
				INFOPLIST_FILE = RCAUITests/Info.plist;
				LD_RUNPATH_SEARCH_PATHS = (
					"$(inherited)",
					"@executable_path/Frameworks",
					"@loader_path/Frameworks",
				);
				PRODUCT_BUNDLE_IDENTIFIER = com.thewhiteboardcompany.RCAUITests;
				PRODUCT_NAME = "$(TARGET_NAME)";
				SWIFT_VERSION = 4.0;
				TARGETED_DEVICE_FAMILY = "1,2";
				TEST_TARGET_NAME = RCA;
			};
			name = Release;
		};
/* End XCBuildConfiguration section */

/* Begin XCConfigurationList section */
		D96A99582108B27900908488 /* Build configuration list for PBXProject "RCA" */ = {
			isa = XCConfigurationList;
			buildConfigurations = (
				D96A99862108B27E00908488 /* Debug */,
				D96A99872108B27E00908488 /* Release */,
			);
			defaultConfigurationIsVisible = 0;
			defaultConfigurationName = Release;
		};
		D96A99882108B27E00908488 /* Build configuration list for PBXNativeTarget "RCA" */ = {
			isa = XCConfigurationList;
			buildConfigurations = (
				D96A99892108B27E00908488 /* Debug */,
				D96A998A2108B27E00908488 /* Release */,
			);
			defaultConfigurationIsVisible = 0;
			defaultConfigurationName = Release;
		};
		D96A998B2108B27E00908488 /* Build configuration list for PBXNativeTarget "RCATests" */ = {
			isa = XCConfigurationList;
			buildConfigurations = (
				D96A998C2108B27E00908488 /* Debug */,
				D96A998D2108B27E00908488 /* Release */,
			);
			defaultConfigurationIsVisible = 0;
			defaultConfigurationName = Release;
		};
		D96A998E2108B27E00908488 /* Build configuration list for PBXNativeTarget "RCAUITests" */ = {
			isa = XCConfigurationList;
			buildConfigurations = (
				D96A998F2108B27E00908488 /* Debug */,
				D96A99902108B27E00908488 /* Release */,
			);
			defaultConfigurationIsVisible = 0;
			defaultConfigurationName = Release;
		};
/* End XCConfigurationList section */

/* Begin XCVersionGroup section */
		D956C9612111ED060083CE9E /* RCA.xcdatamodeld */ = {
			isa = XCVersionGroup;
			children = (
				D956C9622111ED060083CE9E /* RCA.xcdatamodel */,
			);
			currentVersion = D956C9622111ED060083CE9E /* RCA.xcdatamodel */;
			path = RCA.xcdatamodeld;
			sourceTree = "<group>";
			versionGroupType = wrapper.xcdatamodel;
		};
/* End XCVersionGroup section */
	};
	rootObject = D96A99552108B27900908488 /* Project object */;
}
